{
  "name": "miniprogram",
  "version": "1.0.0",
  "lockfileVersion": 2,
  "requires": true,
  "packages": {
    "": {
      "version": "1.0.0",
      "license": "ISC",
      "dependencies": {
        "weui-miniprogram": "^1.0.8"
      }
    },
    "node_modules/weui-miniprogram": {
      "version": "1.0.8",
      "resolved": "https://registry.npmjs.org/weui-miniprogram/-/weui-miniprogram-1.0.8.tgz",
      "integrity": "sha512-fm9Hi/3s2Imp2xufuxBcbzYxIcrVt0gPMIdjHfuIFA0Fxiukztc+c2nyFspmkI9YkrdHM1o2h6qsStdK+wFhWQ=="
    }
  },
  "dependencies": {
    "weui-miniprogram": {
      "version": "1.0.8",
      "resolved": "https://registry.npmjs.org/weui-miniprogram/-/weui-miniprogram-1.0.8.tgz",
      "integrity": "sha512-fm9Hi/3s2Imp2xufuxBcbzYxIcrVt0gPMIdjHfuIFA0Fxiukztc+c2nyFspmkI9YkrdHM1o2h6qsStdK+wFhWQ=="
    }
  }
}
